
Microsoft Visual Studio Solution File, Format Version 12.00
# Visual Studio 15
VisualStudioVersion = 15.0.27004.2008
MinimumVisualStudioVersion = 10.0.40219.1
Project("{FAE04EC0-301F-11D3-BF4B-00C04F79EFBC}") = "Bases_rutas", "Bases_rutas\Bases_rutas.csproj", "{F40D633C-C660-42E1-8934-F45BE30784CC}"
EndProject
Global
	GlobalSection(SolutionConfigurationPlatforms) = preSolution
		Debug|Any CPU = Debug|Any CPU
		Release|Any CPU = Release|Any CPU
	EndGlobalSection
	GlobalSection(ProjectConfigurationPlatforms) = postSolution
		{F40D633C-C660-42E1-8934-F45BE30784CC}.Debug|Any CPU.ActiveCfg = Debug|Any CPU
		{F40D633C-C660-42E1-8934-F45BE30784CC}.Debug|Any CPU.Build.0 = Debug|Any CPU
		{F40D633C-C660-42E1-8934-F45BE30784CC}.Release|Any CPU.ActiveCfg = Release|Any CPU
		{F40D633C-C660-42E1-8934-F45BE30784CC}.Release|Any CPU.Build.0 = Release|Any CPU
	EndGlobalSection
	GlobalSection(SolutionProperties) = preSolution
		HideSolutionNode = FALSE
	EndGlobalSection
	GlobalSection(ExtensibilityGlobals) = postSolution
		SolutionGuid = {C5BB9FAB-EEE3-4C31-9145-6F8B4DD6B360}
	EndGlobalSection
EndGlobal
